
Microsoft Visual Studio Solution File, Format Version 12.00
# Visual Studio 2013
VisualStudioVersion = 12.0.30723.0
MinimumVisualStudioVersion = 10.0.40219.1
Project("{F184B08F-C81C-45F6-A57F-5ABD9991F28F}") = "GeekDrop Peek", "GeekDrop Peek\GeekDrop Peek.vbproj", "{55845424-B5B4-4CE2-87C2-4861548906DD}"
EndProject
Global
	GlobalSection(SolutionConfigurationPlatforms) = preSolution
		Debug|Any CPU = Debug|Any CPU
		Debug|x64 = Debug|x64
		Full Release|Any CPU = Full Release|Any CPU
		Full Release|x64 = Full Release|x64
		Release|Any CPU = Release|Any CPU
		Release|x64 = Release|x64
	EndGlobalSection
	GlobalSection(ProjectConfigurationPlatforms) = postSolution
		{55845424-B5B4-4CE2-87C2-4861548906DD}.Debug|Any CPU.ActiveCfg = Debug|Any CPU
		{55845424-B5B4-4CE2-87C2-4861548906DD}.Debug|Any CPU.Build.0 = Debug|Any CPU
		{55845424-B5B4-4CE2-87C2-4861548906DD}.Debug|x64.ActiveCfg = Debug|x64
		{55845424-B5B4-4CE2-87C2-4861548906DD}.Debug|x64.Build.0 = Debug|x64
		{55845424-B5B4-4CE2-87C2-4861548906DD}.Full Release|Any CPU.ActiveCfg = Full Release|Any CPU
		{55845424-B5B4-4CE2-87C2-4861548906DD}.Full Release|Any CPU.Build.0 = Full Release|Any CPU
		{55845424-B5B4-4CE2-87C2-4861548906DD}.Full Release|x64.ActiveCfg = Full Release|x64
		{55845424-B5B4-4CE2-87C2-4861548906DD}.Full Release|x64.Build.0 = Full Release|x64
		{55845424-B5B4-4CE2-87C2-4861548906DD}.Release|Any CPU.ActiveCfg = Release|Any CPU
		{55845424-B5B4-4CE2-87C2-4861548906DD}.Release|Any CPU.Build.0 = Release|Any CPU
		{55845424-B5B4-4CE2-87C2-4861548906DD}.Release|x64.ActiveCfg = Release|x64
		{55845424-B5B4-4CE2-87C2-4861548906DD}.Release|x64.Build.0 = Release|x64
	EndGlobalSection
	GlobalSection(SolutionProperties) = preSolution
		HideSolutionNode = FALSE
	EndGlobalSection
EndGlobal
